// !$*UTF8*$!
{
	archiveVersion = 1;
	classes = {
	};
	objectVersion = 50;
	objects = {

/* Begin PBXBuildFile section */
		B048E6D121ECFCE500F25524 /* AppDelegate.swift in Sources */ = {isa = PBXBuildFile; fileRef = B048E6D021ECFCE500F25524 /* AppDelegate.swift */; };
		B048E6D321ECFCE500F25524 /* ViewController.swift in Sources */ = {isa = PBXBuildFile; fileRef = B048E6D221ECFCE500F25524 /* ViewController.swift */; };
		B048E6D621ECFCE500F25524 /* Main.storyboard in Resources */ = {isa = PBXBuildFile; fileRef = B048E6D421ECFCE500F25524 /* Main.storyboard */; };
		B048E6D821ECFCF500F25524 /* Assets.xcassets in Resources */ = {isa = PBXBuildFile; fileRef = B048E6D721ECFCF500F25524 /* Assets.xcassets */; };
		B048E6DB21ECFCF500F25524 /* LaunchScreen.storyboard in Resources */ = {isa = PBXBuildFile; fileRef = B048E6D921ECFCF500F25524 /* LaunchScreen.storyboard */; };
		B048E6E421ED02F400F25524 /* ArticlesTVC.swift in Sources */ = {isa = PBXBuildFile; fileRef = B048E6E321ED02F400F25524 /* ArticlesTVC.swift */; };
		B048E6E621ED035300F25524 /* ArticlePresentorVC.swift in Sources */ = {isa = PBXBuildFile; fileRef = B048E6E521ED035300F25524 /* ArticlePresentorVC.swift */; };
		B048E6E821ED039200F25524 /* ArticleCell.swift in Sources */ = {isa = PBXBuildFile; fileRef = B048E6E721ED039200F25524 /* ArticleCell.swift */; };
		B048E6EC21ED049500F25524 /* Article.swift in Sources */ = {isa = PBXBuildFile; fileRef = B048E6EB21ED049500F25524 /* Article.swift */; };
		B048E6EF21ED05EF00F25524 /* Extensions.swift in Sources */ = {isa = PBXBuildFile; fileRef = B048E6EE21ED05EF00F25524 /* Extensions.swift */; };
		B048E6FD21ED232700F25524 /* save@3x.png in Resources */ = {isa = PBXBuildFile; fileRef = B048E6F121ED232500F25524 /* save@3x.png */; };
		B048E6FE21ED232700F25524 /* saved.png in Resources */ = {isa = PBXBuildFile; fileRef = B048E6F221ED232500F25524 /* saved.png */; };
		B048E6FF21ED232700F25524 /* save@2x.png in Resources */ = {isa = PBXBuildFile; fileRef = B048E6F321ED232600F25524 /* save@2x.png */; };
		B048E70021ED232700F25524 /* liked@2x.png in Resources */ = {isa = PBXBuildFile; fileRef = B048E6F421ED232600F25524 /* liked@2x.png */; };
		B048E70121ED232700F25524 /* like@2x.png in Resources */ = {isa = PBXBuildFile; fileRef = B048E6F521ED232600F25524 /* like@2x.png */; };
		B048E70221ED232700F25524 /* liked@3x.png in Resources */ = {isa = PBXBuildFile; fileRef = B048E6F621ED232600F25524 /* liked@3x.png */; };
		B048E70321ED232700F25524 /* saved@2x.png in Resources */ = {isa = PBXBuildFile; fileRef = B048E6F721ED232600F25524 /* saved@2x.png */; };
		B048E70421ED232700F25524 /* saved@3x.png in Resources */ = {isa = PBXBuildFile; fileRef = B048E6F821ED232700F25524 /* saved@3x.png */; };
		B048E70521ED232700F25524 /* save.png in Resources */ = {isa = PBXBuildFile; fileRef = B048E6F921ED232700F25524 /* save.png */; };
		B048E70621ED232700F25524 /* liked.png in Resources */ = {isa = PBXBuildFile; fileRef = B048E6FA21ED232700F25524 /* liked.png */; };
		B048E70721ED232700F25524 /* like@3x.png in Resources */ = {isa = PBXBuildFile; fileRef = B048E6FB21ED232700F25524 /* like@3x.png */; };
		B048E70821ED232700F25524 /* like.png in Resources */ = {isa = PBXBuildFile; fileRef = B048E6FC21ED232700F25524 /* like.png */; };
/* End PBXBuildFile section */

/* Begin PBXFileReference section */
		B048E6CD21ECFCE500F25524 /* MagazineDemo.app */ = {isa = PBXFileReference; explicitFileType = wrapper.application; includeInIndex = 0; path = MagazineDemo.app; sourceTree = BUILT_PRODUCTS_DIR; };
		B048E6D021ECFCE500F25524 /* AppDelegate.swift */ = {isa = PBXFileReference; lastKnownFileType = sourcecode.swift; path = AppDelegate.swift; sourceTree = "<group>"; };
		B048E6D221ECFCE500F25524 /* ViewController.swift */ = {isa = PBXFileReference; lastKnownFileType = sourcecode.swift; path = ViewController.swift; sourceTree = "<group>"; };
		B048E6D521ECFCE500F25524 /* Base */ = {isa = PBXFileReference; lastKnownFileType = file.storyboard; name = Base; path = Base.lproj/Main.storyboard; sourceTree = "<group>"; };
		B048E6D721ECFCF500F25524 /* Assets.xcassets */ = {isa = PBXFileReference; lastKnownFileType = folder.assetcatalog; path = Assets.xcassets; sourceTree = "<group>"; };
		B048E6DA21ECFCF500F25524 /* Base */ = {isa = PBXFileReference; lastKnownFileType = file.storyboard; name = Base; path = Base.lproj/LaunchScreen.storyboard; sourceTree = "<group>"; };
		B048E6DC21ECFCF500F25524 /* Info.plist */ = {isa = PBXFileReference; lastKnownFileType = text.plist.xml; path = Info.plist; sourceTree = "<group>"; };
		B048E6E321ED02F400F25524 /* ArticlesTVC.swift */ = {isa = PBXFileReference; lastKnownFileType = sourcecode.swift; path = ArticlesTVC.swift; sourceTree = "<group>"; };
		B048E6E521ED035300F25524 /* ArticlePresentorVC.swift */ = {isa = PBXFileReference; lastKnownFileType = sourcecode.swift; path = ArticlePresentorVC.swift; sourceTree = "<group>"; };
		B048E6E721ED039200F25524 /* ArticleCell.swift */ = {isa = PBXFileReference; lastKnownFileType = sourcecode.swift; path = ArticleCell.swift; sourceTree = "<group>"; };
		B048E6EB21ED049500F25524 /* Article.swift */ = {isa = PBXFileReference; lastKnownFileType = sourcecode.swift; path = Article.swift; sourceTree = "<group>"; };
		B048E6EE21ED05EF00F25524 /* Extensions.swift */ = {isa = PBXFileReference; lastKnownFileType = sourcecode.swift; path = Extensions.swift; sourceTree = "<group>"; };
		B048E6F121ED232500F25524 /* save@3x.png */ = {isa = PBXFileReference; lastKnownFileType = image.png; path = "save@3x.png"; sourceTree = "<group>"; };
		B048E6F221ED232500F25524 /* saved.png */ = {isa = PBXFileReference; lastKnownFileType = image.png; path = saved.png; sourceTree = "<group>"; };
		B048E6F321ED232600F25524 /* save@2x.png */ = {isa = PBXFileReference; lastKnownFileType = image.png; path = "save@2x.png"; sourceTree = "<group>"; };
		B048E6F421ED232600F25524 /* liked@2x.png */ = {isa = PBXFileReference; lastKnownFileType = image.png; path = "liked@2x.png"; sourceTree = "<group>"; };
		B048E6F521ED232600F25524 /* like@2x.png */ = {isa = PBXFileReference; lastKnownFileType = image.png; path = "like@2x.png"; sourceTree = "<group>"; };
		B048E6F621ED232600F25524 /* liked@3x.png */ = {isa = PBXFileReference; lastKnownFileType = image.png; path = "liked@3x.png"; sourceTree = "<group>"; };
		B048E6F721ED232600F25524 /* saved@2x.png */ = {isa = PBXFileReference; lastKnownFileType = image.png; path = "saved@2x.png"; sourceTree = "<group>"; };
		B048E6F821ED232700F25524 /* saved@3x.png */ = {isa = PBXFileReference; lastKnownFileType = image.png; path = "saved@3x.png"; sourceTree = "<group>"; };
		B048E6F921ED232700F25524 /* save.png */ = {isa = PBXFileReference; lastKnownFileType = image.png; path = save.png; sourceTree = "<group>"; };
		B048E6FA21ED232700F25524 /* liked.png */ = {isa = PBXFileReference; lastKnownFileType = image.png; path = liked.png; sourceTree = "<group>"; };
		B048E6FB21ED232700F25524 /* like@3x.png */ = {isa = PBXFileReference; lastKnownFileType = image.png; path = "like@3x.png"; sourceTree = "<group>"; };
		B048E6FC21ED232700F25524 /* like.png */ = {isa = PBXFileReference; lastKnownFileType = image.png; path = like.png; sourceTree = "<group>"; };
/* End PBXFileReference section */

/* Begin PBXFrameworksBuildPhase section */
		B048E6CA21ECFCE500F25524 /* Frameworks */ = {
			isa = PBXFrameworksBuildPhase;
			buildActionMask = 2147483647;
			files = (
			);
			runOnlyForDeploymentPostprocessing = 0;
		};
/* End PBXFrameworksBuildPhase section */

/* Begin PBXGroup section */
		B048E6C421ECFCE500F25524 = {
			isa = PBXGroup;
			children = (
				B048E6CF21ECFCE500F25524 /* MagazineDemo */,
				B048E6CE21ECFCE500F25524 /* Products */,
			);
			sourceTree = "<group>";
		};
		B048E6CE21ECFCE500F25524 /* Products */ = {
			isa = PBXGroup;
			children = (
				B048E6CD21ECFCE500F25524 /* MagazineDemo.app */,
			);
			name = Products;
			sourceTree = "<group>";
		};
		B048E6CF21ECFCE500F25524 /* MagazineDemo */ = {
			isa = PBXGroup;
			children = (
				B048E6F021ED22DA00F25524 /* Assets */,
				B048E6E221ED029F00F25524 /* Controllers */,
				B048E6D021ECFCE500F25524 /* AppDelegate.swift */,
				B048E6D421ECFCE500F25524 /* Main.storyboard */,
				B048E6D721ECFCF500F25524 /* Assets.xcassets */,
				B048E6D921ECFCF500F25524 /* LaunchScreen.storyboard */,
				B048E6DC21ECFCF500F25524 /* Info.plist */,
				B048E6E921ED044300F25524 /* UI */,
				B048E6ED21ED05C000F25524 /* Extensions */,
				B048E6EA21ED045400F25524 /* Model */,
			);
			path = MagazineDemo;
			sourceTree = "<group>";
		};
		B048E6E221ED029F00F25524 /* Controllers */ = {
			isa = PBXGroup;
			children = (
				B048E6D221ECFCE500F25524 /* ViewController.swift */,
				B048E6E321ED02F400F25524 /* ArticlesTVC.swift */,
				B048E6E521ED035300F25524 /* ArticlePresentorVC.swift */,
			);
			path = Controllers;
			sourceTree = "<group>";
		};
		B048E6E921ED044300F25524 /* UI */ = {
			isa = PBXGroup;
			children = (
				B048E6E721ED039200F25524 /* ArticleCell.swift */,
			);
			path = UI;
			sourceTree = "<group>";
		};
		B048E6EA21ED045400F25524 /* Model */ = {
			isa = PBXGroup;
			children = (
				B048E6EB21ED049500F25524 /* Article.swift */,
			);
			path = Model;
			sourceTree = "<group>";
		};
		B048E6ED21ED05C000F25524 /* Extensions */ = {
			isa = PBXGroup;
			children = (
				B048E6EE21ED05EF00F25524 /* Extensions.swift */,
			);
			path = Extensions;
			sourceTree = "<group>";
		};
		B048E6F021ED22DA00F25524 /* Assets */ = {
			isa = PBXGroup;
			children = (
				B048E6FC21ED232700F25524 /* like.png */,
				B048E6F521ED232600F25524 /* like@2x.png */,
				B048E6FB21ED232700F25524 /* like@3x.png */,
				B048E6FA21ED232700F25524 /* liked.png */,
				B048E6F421ED232600F25524 /* liked@2x.png */,
				B048E6F621ED232600F25524 /* liked@3x.png */,
				B048E6F921ED232700F25524 /* save.png */,
				B048E6F321ED232600F25524 /* save@2x.png */,
				B048E6F121ED232500F25524 /* save@3x.png */,
				B048E6F221ED232500F25524 /* saved.png */,
				B048E6F721ED232600F25524 /* saved@2x.png */,
				B048E6F821ED232700F25524 /* saved@3x.png */,
			);
			path = Assets;
			sourceTree = "<group>";
		};
/* End PBXGroup section */

/* Begin PBXNativeTarget section */
		B048E6CC21ECFCE500F25524 /* MagazineDemo */ = {
			isa = PBXNativeTarget;
			buildConfigurationList = B048E6DF21ECFCF500F25524 /* Build configuration list for PBXNativeTarget "MagazineDemo" */;
			buildPhases = (
				B048E6C921ECFCE500F25524 /* Sources */,
				B048E6CA21ECFCE500F25524 /* Frameworks */,
				B048E6CB21ECFCE500F25524 /* Resources */,
			);
			buildRules = (
			);
			dependencies = (
			);
			name = MagazineDemo;
			productName = MagazineDemo;
			productReference = B048E6CD21ECFCE500F25524 /* MagazineDemo.app */;
			productType = "com.apple.product-type.application";
		};
/* End PBXNativeTarget section */

/* Begin PBXProject section */
		B048E6C521ECFCE500F25524 /* Project object */ = {
			isa = PBXProject;
			attributes = {
				LastSwiftUpdateCheck = 1010;
				LastUpgradeCheck = 1010;
				ORGANIZATIONNAME = "A h";
				TargetAttributes = {
					B048E6CC21ECFCE500F25524 = {
						CreatedOnToolsVersion = 10.1;
					};
				};
			};
			buildConfigurationList = B048E6C821ECFCE500F25524 /* Build configuration list for PBXProject "MagazineDemo" */;
			compatibilityVersion = "Xcode 9.3";
			developmentRegion = en;
			hasScannedForEncodings = 0;
			knownRegions = (
				en,
				Base,
			);
			mainGroup = B048E6C421ECFCE500F25524;
			productRefGroup = B048E6CE21ECFCE500F25524 /* Products */;
			projectDirPath = "";
			projectRoot = "";
			targets = (
				B048E6CC21ECFCE500F25524 /* MagazineDemo */,
			);
		};
/* End PBXProject section */

/* Begin PBXResourcesBuildPhase section */
		B048E6CB21ECFCE500F25524 /* Resources */ = {
			isa = PBXResourcesBuildPhase;
			buildActionMask = 2147483647;
			files = (
				B048E6FE21ED232700F25524 /* saved.png in Resources */,
				B048E6FF21ED232700F25524 /* save@2x.png in Resources */,
				B048E70521ED232700F25524 /* save.png in Resources */,
				B048E70321ED232700F25524 /* saved@2x.png in Resources */,
				B048E70421ED232700F25524 /* saved@3x.png in Resources */,
				B048E6FD21ED232700F25524 /* save@3x.png in Resources */,
				B048E70021ED232700F25524 /* liked@2x.png in Resources */,
				B048E6DB21ECFCF500F25524 /* LaunchScreen.storyboard in Resources */,
				B048E70621ED232700F25524 /* liked.png in Resources */,
				B048E70121ED232700F25524 /* like@2x.png in Resources */,
				B048E6D821ECFCF500F25524 /* Assets.xcassets in Resources */,
				B048E70821ED232700F25524 /* like.png in Resources */,
				B048E70221ED232700F25524 /* liked@3x.png in Resources */,
				B048E70721ED232700F25524 /* like@3x.png in Resources */,
				B048E6D621ECFCE500F25524 /* Main.storyboard in Resources */,
			);
			runOnlyForDeploymentPostprocessing = 0;
		};
/* End PBXResourcesBuildPhase section */

/* Begin PBXSourcesBuildPhase section */
		B048E6C921ECFCE500F25524 /* Sources */ = {
			isa = PBXSourcesBuildPhase;
			buildActionMask = 2147483647;
			files = (
				B048E6D321ECFCE500F25524 /* ViewController.swift in Sources */,
				B048E6E421ED02F400F25524 /* ArticlesTVC.swift in Sources */,
				B048E6EC21ED049500F25524 /* Article.swift in Sources */,
				B048E6E621ED035300F25524 /* ArticlePresentorVC.swift in Sources */,
				B048E6E821ED039200F25524 /* ArticleCell.swift in Sources */,
				B048E6D121ECFCE500F25524 /* AppDelegate.swift in Sources */,
				B048E6EF21ED05EF00F25524 /* Extensions.swift in Sources */,
			);
			runOnlyForDeploymentPostprocessing = 0;
		};
/* End PBXSourcesBuildPhase section */

/* Begin PBXVariantGroup section */
		B048E6D421ECFCE500F25524 /* Main.storyboard */ = {
			isa = PBXVariantGroup;
			children = (
				B048E6D521ECFCE500F25524 /* Base */,
			);
			name = Main.storyboard;
			sourceTree = "<group>";
		};
		B048E6D921ECFCF500F25524 /* LaunchScreen.storyboard */ = {
			isa = PBXVariantGroup;
			children = (
				B048E6DA21ECFCF500F25524 /* Base */,
			);
			name = LaunchScreen.storyboard;
			sourceTree = "<group>";
		};
/* End PBXVariantGroup section */

/* Begin XCBuildConfiguration section */
		B048E6DD21ECFCF500F25524 /* Debug */ = {
			isa = XCBuildConfiguration;
			buildSettings = {
				ALWAYS_SEARCH_USER_PATHS = NO;
				CLANG_ANALYZER_NONNULL = YES;
				CLANG_ANALYZER_NUMBER_OBJECT_CONVERSION = YES_AGGRESSIVE;
				CLANG_CXX_LANGUAGE_STANDARD = "gnu++14";
				CLANG_CXX_LIBRARY = "libc++";
				CLANG_ENABLE_MODULES = YES;
				CLANG_ENABLE_OBJC_ARC = YES;
				CLANG_ENABLE_OBJC_WEAK = YES;
				CLANG_WARN_BLOCK_CAPTURE_AUTORELEASING = YES;
				CLANG_WARN_BOOL_CONVERSION = YES;
				CLANG_WARN_COMMA = YES;
				CLANG_WARN_CONSTANT_CONVERSION = YES;
				CLANG_WARN_DEPRECATED_OBJC_IMPLEMENTATIONS = YES;
				CLANG_WARN_DIRECT_OBJC_ISA_USAGE = YES_ERROR;
				CLANG_WARN_DOCUMENTATION_COMMENTS = YES;
				CLANG_WARN_EMPTY_BODY = YES;
				CLANG_WARN_ENUM_CONVERSION = YES;
				CLANG_WARN_INFINITE_RECURSION = YES;
				CLANG_WARN_INT_CONVERSION = YES;
				CLANG_WARN_NON_LITERAL_NULL_CONVERSION = YES;
				CLANG_WARN_OBJC_IMPLICIT_RETAIN_SELF = YES;
				CLANG_WARN_OBJC_LITERAL_CONVERSION = YES;
				CLANG_WARN_OBJC_ROOT_CLASS = YES_ERROR;
				CLANG_WARN_RANGE_LOOP_ANALYSIS = YES;
				CLANG_WARN_STRICT_PROTOTYPES = YES;
				CLANG_WARN_SUSPICIOUS_MOVE = YES;
				CLANG_WARN_UNGUARDED_AVAILABILITY = YES_AGGRESSIVE;
				CLANG_WARN_UNREACHABLE_CODE = YES;
				CLANG_WARN__DUPLICATE_METHOD_MATCH = YES;
				CODE_SIGN_IDENTITY = "iPhone Developer";
				COPY_PHASE_STRIP = NO;
				DEBUG_INFORMATION_FORMAT = dwarf;
				ENABLE_STRICT_OBJC_MSGSEND = YES;
				ENABLE_TESTABILITY = YES;
				GCC_C_LANGUAGE_STANDARD = gnu11;
				GCC_DYNAMIC_NO_PIC = NO;
				GCC_NO_COMMON_BLOCKS = YES;
				GCC_OPTIMIZATION_LEVEL = 0;
				GCC_PREPROCESSOR_DEFINITIONS = (
					"DEBUG=1",
					"$(inherited)",
				);
				GCC_WARN_64_TO_32_BIT_CONVERSION = YES;
				GCC_WARN_ABOUT_RETURN_TYPE = YES_ERROR;
				GCC_WARN_UNDECLARED_SELECTOR = YES;
				GCC_WARN_UNINITIALIZED_AUTOS = YES_AGGRESSIVE;
				GCC_WARN_UNUSED_FUNCTION = YES;
				GCC_WARN_UNUSED_VARIABLE = YES;
				IPHONEOS_DEPLOYMENT_TARGET = 12.1;
				MTL_ENABLE_DEBUG_INFO = INCLUDE_SOURCE;
				MTL_FAST_MATH = YES;
				ONLY_ACTIVE_ARCH = YES;
				SDKROOT = iphoneos;
				SWIFT_ACTIVE_COMPILATION_CONDITIONS = DEBUG;
				SWIFT_OPTIMIZATION_LEVEL = "-Onone";
			};
			name = Debug;
		};
		B048E6DE21ECFCF500F25524 /* Release */ = {
			isa = XCBuildConfiguration;
			buildSettings = {
				ALWAYS_SEARCH_USER_PATHS = NO;
				CLANG_ANALYZER_NONNULL = YES;
				CLANG_ANALYZER_NUMBER_OBJECT_CONVERSION = YES_AGGRESSIVE;
				CLANG_CXX_LANGUAGE_STANDARD = "gnu++14";
				CLANG_CXX_LIBRARY = "libc++";
				CLANG_ENABLE_MODULES = YES;
				CLANG_ENABLE_OBJC_ARC = YES;
				CLANG_ENABLE_OBJC_WEAK = YES;
				CLANG_WARN_BLOCK_CAPTURE_AUTORELEASING = YES;
				CLANG_WARN_BOOL_CONVERSION = YES;
				CLANG_WARN_COMMA = YES;
				CLANG_WARN_CONSTANT_CONVERSION = YES;
				CLANG_WARN_DEPRECATED_OBJC_IMPLEMENTATIONS = YES;
				CLANG_WARN_DIRECT_OBJC_ISA_USAGE = YES_ERROR;
				CLANG_WARN_DOCUMENTATION_COMMENTS = YES;
				CLANG_WARN_EMPTY_BODY = YES;
				CLANG_WARN_ENUM_CONVERSION = YES;
				CLANG_WARN_INFINITE_RECURSION = YES;
				CLANG_WARN_INT_CONVERSION = YES;
				CLANG_WARN_NON_LITERAL_NULL_CONVERSION = YES;
				CLANG_WARN_OBJC_IMPLICIT_RETAIN_SELF = YES;
				CLANG_WARN_OBJC_LITERAL_CONVERSION = YES;
				CLANG_WARN_OBJC_ROOT_CLASS = YES_ERROR;
				CLANG_WARN_RANGE_LOOP_ANALYSIS = YES;
				CLANG_WARN_STRICT_PROTOTYPES = YES;
				CLANG_WARN_SUSPICIOUS_MOVE = YES;
				CLANG_WARN_UNGUARDED_AVAILABILITY = YES_AGGRESSIVE;
				CLANG_WARN_UNREACHABLE_CODE = YES;
				CLANG_WARN__DUPLICATE_METHOD_MATCH = YES;
				CODE_SIGN_IDENTITY = "iPhone Developer";
				COPY_PHASE_STRIP = NO;
				DEBUG_INFORMATION_FORMAT = "dwarf-with-dsym";
				ENABLE_NS_ASSERTIONS = NO;
				ENABLE_STRICT_OBJC_MSGSEND = YES;
				GCC_C_LANGUAGE_STANDARD = gnu11;
				GCC_NO_COMMON_BLOCKS = YES;
				GCC_WARN_64_TO_32_BIT_CONVERSION = YES;
				GCC_WARN_ABOUT_RETURN_TYPE = YES_ERROR;
				GCC_WARN_UNDECLARED_SELECTOR = YES;
				GCC_WARN_UNINITIALIZED_AUTOS = YES_AGGRESSIVE;
				GCC_WARN_UNUSED_FUNCTION = YES;
				GCC_WARN_UNUSED_VARIABLE = YES;
				IPHONEOS_DEPLOYMENT_TARGET = 12.1;
				MTL_ENABLE_DEBUG_INFO = NO;
				MTL_FAST_MATH = YES;
				SDKROOT = iphoneos;
				SWIFT_COMPILATION_MODE = wholemodule;
				SWIFT_OPTIMIZATION_LEVEL = "-O";
				VALIDATE_PRODUCT = YES;
			};
			name = Release;
		};
		B048E6E021ECFCF500F25524 /* Debug */ = {
			isa = XCBuildConfiguration;
			buildSettings = {
				ASSETCATALOG_COMPILER_APPICON_NAME = AppIcon;
				CODE_SIGN_STYLE = Automatic;
				DEVELOPMENT_TEAM = UBCLS6S5A6;
				INFOPLIST_FILE = MagazineDemo/Info.plist;
				LD_RUNPATH_SEARCH_PATHS = (
					"$(inherited)",
					"@executable_path/Frameworks",
				);
				PRODUCT_BUNDLE_IDENTIFIER = com.asafHaim.test.MagazineDemo;
				PRODUCT_NAME = "$(TARGET_NAME)";
				SWIFT_VERSION = 4.2;
				TARGETED_DEVICE_FAMILY = "1,2";
			};
			name = Debug;
		};
		B048E6E121ECFCF500F25524 /* Release */ = {
			isa = XCBuildConfiguration;
			buildSettings = {
				ASSETCATALOG_COMPILER_APPICON_NAME = AppIcon;
				CODE_SIGN_STYLE = Automatic;
				DEVELOPMENT_TEAM = UBCLS6S5A6;
				INFOPLIST_FILE = MagazineDemo/Info.plist;
				LD_RUNPATH_SEARCH_PATHS = (
					"$(inherited)",
					"@executable_path/Frameworks",
				);
				PRODUCT_BUNDLE_IDENTIFIER = com.asafHaim.test.MagazineDemo;
				PRODUCT_NAME = "$(TARGET_NAME)";
				SWIFT_VERSION = 4.2;
				TARGETED_DEVICE_FAMILY = "1,2";
			};
			name = Release;
		};
/* End XCBuildConfiguration section */

/* Begin XCConfigurationList section */
		B048E6C821ECFCE500F25524 /* Build configuration list for PBXProject "MagazineDemo" */ = {
			isa = XCConfigurationList;
			buildConfigurations = (
				B048E6DD21ECFCF500F25524 /* Debug */,
				B048E6DE21ECFCF500F25524 /* Release */,
			);
			defaultConfigurationIsVisible = 0;
			defaultConfigurationName = Release;
		};
		B048E6DF21ECFCF500F25524 /* Build configuration list for PBXNativeTarget "MagazineDemo" */ = {
			isa = XCConfigurationList;
			buildConfigurations = (
				B048E6E021ECFCF500F25524 /* Debug */,
				B048E6E121ECFCF500F25524 /* Release */,
			);
			defaultConfigurationIsVisible = 0;
			defaultConfigurationName = Release;
		};
/* End XCConfigurationList section */
	};
	rootObject = B048E6C521ECFCE500F25524 /* Project object */;
}
